
Microsoft Visual Studio Solution File, Format Version 12.00
# Visual Studio Express 2012 for Web
Project("{FAE04EC0-301F-11D3-BF4B-00C04F79EFBC}") = "eVoting", "eVoting\eVoting.csproj", "{5CB06598-919C-47ED-8242-53E29934AD96}"
EndProject
Project("{FAE04EC0-301F-11D3-BF4B-00C04F79EFBC}") = "eVoting.DAL", "eVoting.DAL\eVoting.DAL.csproj", "{0A784DF4-C724-4CDE-A74A-36FBF5478FE0}"
EndProject
Project("{FAE04EC0-301F-11D3-BF4B-00C04F79EFBC}") = "Model", "Model\Model.csproj", "{F7DECCEE-370A-4C02-88FE-BC7C1990C3CE}"
EndProject
Global
	GlobalSection(SolutionConfigurationPlatforms) = preSolution
		Debug|Any CPU = Debug|Any CPU
		Release|Any CPU = Release|Any CPU
	EndGlobalSection
	GlobalSection(ProjectConfigurationPlatforms) = postSolution
		{5CB06598-919C-47ED-8242-53E29934AD96}.Debug|Any CPU.ActiveCfg = Debug|Any CPU
		{5CB06598-919C-47ED-8242-53E29934AD96}.Debug|Any CPU.Build.0 = Debug|Any CPU
		{5CB06598-919C-47ED-8242-53E29934AD96}.Release|Any CPU.ActiveCfg = Release|Any CPU
		{5CB06598-919C-47ED-8242-53E29934AD96}.Release|Any CPU.Build.0 = Release|Any CPU
		{0A784DF4-C724-4CDE-A74A-36FBF5478FE0}.Debug|Any CPU.ActiveCfg = Debug|Any CPU
		{0A784DF4-C724-4CDE-A74A-36FBF5478FE0}.Debug|Any CPU.Build.0 = Debug|Any CPU
		{0A784DF4-C724-4CDE-A74A-36FBF5478FE0}.Release|Any CPU.ActiveCfg = Release|Any CPU
		{0A784DF4-C724-4CDE-A74A-36FBF5478FE0}.Release|Any CPU.Build.0 = Release|Any CPU
		{F7DECCEE-370A-4C02-88FE-BC7C1990C3CE}.Debug|Any CPU.ActiveCfg = Debug|Any CPU
		{F7DECCEE-370A-4C02-88FE-BC7C1990C3CE}.Debug|Any CPU.Build.0 = Debug|Any CPU
		{F7DECCEE-370A-4C02-88FE-BC7C1990C3CE}.Release|Any CPU.ActiveCfg = Release|Any CPU
		{F7DECCEE-370A-4C02-88FE-BC7C1990C3CE}.Release|Any CPU.Build.0 = Release|Any CPU
	EndGlobalSection
	GlobalSection(SolutionProperties) = preSolution
		HideSolutionNode = FALSE
	EndGlobalSection
EndGlobal
